
Microsoft Visual Studio Solution File, Format Version 12.00
# Visual Studio Version 17
VisualStudioVersion = 17.2.32602.215
MinimumVisualStudioVersion = 10.0.40219.1
Project("{FAE04EC0-301F-11D3-BF4B-00C04F79EFBC}") = "Project10-SessizMi", "Project10-SessizMi\Project10-SessizMi.csproj", "{A5317132-B7B5-4771-B85D-6AB7719E70CC}"
EndProject
Global
	GlobalSection(SolutionConfigurationPlatforms) = preSolution
		Debug|Any CPU = Debug|Any CPU
		Release|Any CPU = Release|Any CPU
	EndGlobalSection
	GlobalSection(ProjectConfigurationPlatforms) = postSolution
		{A5317132-B7B5-4771-B85D-6AB7719E70CC}.Debug|Any CPU.ActiveCfg = Debug|Any CPU
		{A5317132-B7B5-4771-B85D-6AB7719E70CC}.Debug|Any CPU.Build.0 = Debug|Any CPU
		{A5317132-B7B5-4771-B85D-6AB7719E70CC}.Release|Any CPU.ActiveCfg = Release|Any CPU
		{A5317132-B7B5-4771-B85D-6AB7719E70CC}.Release|Any CPU.Build.0 = Release|Any CPU
	EndGlobalSection
	GlobalSection(SolutionProperties) = preSolution
		HideSolutionNode = FALSE
	EndGlobalSection
	GlobalSection(ExtensibilityGlobals) = postSolution
		SolutionGuid = {2147C7F8-6E73-40EB-AE09-5F0F4450D3EB}
	EndGlobalSection
EndGlobal
